
Microsoft Visual Studio Solution File, Format Version 12.00
# Visual Studio 15
VisualStudioVersion = 15.0.27130.2036
MinimumVisualStudioVersion = 10.0.40219.1
Project("{FAE04EC0-301F-11D3-BF4B-00C04F79EFBC}") = "Azure1", "Azure1\Azure1.csproj", "{A2754D44-C16A-4D30-9B37-06CB9319A7FD}"
EndProject
Global
	GlobalSection(SolutionConfigurationPlatforms) = preSolution
		Debug|Any CPU = Debug|Any CPU
		Release|Any CPU = Release|Any CPU
	EndGlobalSection
	GlobalSection(ProjectConfigurationPlatforms) = postSolution
		{A2754D44-C16A-4D30-9B37-06CB9319A7FD}.Debug|Any CPU.ActiveCfg = Debug|Any CPU
		{A2754D44-C16A-4D30-9B37-06CB9319A7FD}.Debug|Any CPU.Build.0 = Debug|Any CPU
		{A2754D44-C16A-4D30-9B37-06CB9319A7FD}.Release|Any CPU.ActiveCfg = Release|Any CPU
		{A2754D44-C16A-4D30-9B37-06CB9319A7FD}.Release|Any CPU.Build.0 = Release|Any CPU
	EndGlobalSection
	GlobalSection(SolutionProperties) = preSolution
		HideSolutionNode = FALSE
	EndGlobalSection
	GlobalSection(ExtensibilityGlobals) = postSolution
		SolutionGuid = {1EE73E8E-857B-4CD4-93F7-ED5C345EC11A}
	EndGlobalSection
EndGlobal
